// !$*UTF8*$!
{
	archiveVersion = 1;
	classes = {
	};
	objectVersion = 56;
	objects = {

/* Begin PBXBuildFile section */
		D9D84DC8291C51200008EA3E /* Global_newsApp.swift in Sources */ = {isa = PBXBuildFile; fileRef = D9D84DC7291C51200008EA3E /* Global_newsApp.swift */; };
		D9D84DCA291C51200008EA3E /* ContentView.swift in Sources */ = {isa = PBXBuildFile; fileRef = D9D84DC9291C51200008EA3E /* ContentView.swift */; };
		D9D84DCC291C51210008EA3E /* Assets.xcassets in Resources */ = {isa = PBXBuildFile; fileRef = D9D84DCB291C51210008EA3E /* Assets.xcassets */; };
		D9D84DCF291C51210008EA3E /* Preview Assets.xcassets in Resources */ = {isa = PBXBuildFile; fileRef = D9D84DCE291C51210008EA3E /* Preview Assets.xcassets */; };
		D9D84DDD291C52090008EA3E /* HomeView.swift in Sources */ = {isa = PBXBuildFile; fileRef = D9D84DDC291C52090008EA3E /* HomeView.swift */; };
		D9D84DE0291C54840008EA3E /* HeaderView.swift in Sources */ = {isa = PBXBuildFile; fileRef = D9D84DDF291C54840008EA3E /* HeaderView.swift */; };
/* End PBXBuildFile section */

/* Begin PBXFileReference section */
		D9D84DC4291C51200008EA3E /* Global news.app */ = {isa = PBXFileReference; explicitFileType = wrapper.application; includeInIndex = 0; path = "Global news.app"; sourceTree = BUILT_PRODUCTS_DIR; };
		D9D84DC7291C51200008EA3E /* Global_newsApp.swift */ = {isa = PBXFileReference; lastKnownFileType = sourcecode.swift; path = Global_newsApp.swift; sourceTree = "<group>"; };
		D9D84DC9291C51200008EA3E /* ContentView.swift */ = {isa = PBXFileReference; lastKnownFileType = sourcecode.swift; path = ContentView.swift; sourceTree = "<group>"; };
		D9D84DCB291C51210008EA3E /* Assets.xcassets */ = {isa = PBXFileReference; lastKnownFileType = folder.assetcatalog; path = Assets.xcassets; sourceTree = "<group>"; };
		D9D84DCE291C51210008EA3E /* Preview Assets.xcassets */ = {isa = PBXFileReference; lastKnownFileType = folder.assetcatalog; path = "Preview Assets.xcassets"; sourceTree = "<group>"; };
		D9D84DDC291C52090008EA3E /* HomeView.swift */ = {isa = PBXFileReference; lastKnownFileType = sourcecode.swift; path = HomeView.swift; sourceTree = "<group>"; };
		D9D84DDF291C54840008EA3E /* HeaderView.swift */ = {isa = PBXFileReference; lastKnownFileType = sourcecode.swift; path = HeaderView.swift; sourceTree = "<group>"; };
/* End PBXFileReference section */

/* Begin PBXFrameworksBuildPhase section */
		D9D84DC1291C51200008EA3E /* Frameworks */ = {
			isa = PBXFrameworksBuildPhase;
			buildActionMask = 2147483647;
			files = (
			);
			runOnlyForDeploymentPostprocessing = 0;
		};
/* End PBXFrameworksBuildPhase section */

/* Begin PBXGroup section */
		D9D84DBB291C51200008EA3E = {
			isa = PBXGroup;
			children = (
				D9D84DC6291C51200008EA3E /* Global news */,
				D9D84DC5291C51200008EA3E /* Products */,
			);
			sourceTree = "<group>";
		};
		D9D84DC5291C51200008EA3E /* Products */ = {
			isa = PBXGroup;
			children = (
				D9D84DC4291C51200008EA3E /* Global news.app */,
			);
			name = Products;
			sourceTree = "<group>";
		};
		D9D84DC6291C51200008EA3E /* Global news */ = {
			isa = PBXGroup;
			children = (
				D9D84DD9291C519D0008EA3E /* App */,
				D9D84DD8291C518D0008EA3E /* Extensions */,
				D9D84DD7291C51800008EA3E /* Core */,
				D9D84DD6291C51670008EA3E /* Models */,
				D9D84DCB291C51210008EA3E /* Assets.xcassets */,
				D9D84DC9291C51200008EA3E /* ContentView.swift */,
				D9D84DCD291C51210008EA3E /* Preview Content */,
			);
			path = "Global news";
			sourceTree = "<group>";
		};
		D9D84DCD291C51210008EA3E /* Preview Content */ = {
			isa = PBXGroup;
			children = (
				D9D84DCE291C51210008EA3E /* Preview Assets.xcassets */,
			);
			path = "Preview Content";
			sourceTree = "<group>";
		};
		D9D84DD6291C51670008EA3E /* Models */ = {
			isa = PBXGroup;
			children = (
			);
			path = Models;
			sourceTree = "<group>";
		};
		D9D84DD7291C51800008EA3E /* Core */ = {
			isa = PBXGroup;
			children = (
				D9D84DDA291C51E20008EA3E /* Home */,
			);
			path = Core;
			sourceTree = "<group>";
		};
		D9D84DD8291C518D0008EA3E /* Extensions */ = {
			isa = PBXGroup;
			children = (
			);
			path = Extensions;
			sourceTree = "<group>";
		};
		D9D84DD9291C519D0008EA3E /* App */ = {
			isa = PBXGroup;
			children = (
				D9D84DC7291C51200008EA3E /* Global_newsApp.swift */,
			);
			path = App;
			sourceTree = "<group>";
		};
		D9D84DDA291C51E20008EA3E /* Home */ = {
			isa = PBXGroup;
			children = (
				D9D84DDB291C51F00008EA3E /* Views */,
			);
			path = Home;
			sourceTree = "<group>";
		};
		D9D84DDB291C51F00008EA3E /* Views */ = {
			isa = PBXGroup;
			children = (
				D9D84DDC291C52090008EA3E /* HomeView.swift */,
				D9D84DDF291C54840008EA3E /* HeaderView.swift */,
				D9D84DDE291C52320008EA3E /* ViewModels */,
			);
			path = Views;
			sourceTree = "<group>";
		};
		D9D84DDE291C52320008EA3E /* ViewModels */ = {
			isa = PBXGroup;
			children = (
			);
			path = ViewModels;
			sourceTree = "<group>";
		};
/* End PBXGroup section */

/* Begin PBXNativeTarget section */
		D9D84DC3291C51200008EA3E /* Global news */ = {
			isa = PBXNativeTarget;
			buildConfigurationList = D9D84DD2291C51210008EA3E /* Build configuration list for PBXNativeTarget "Global news" */;
			buildPhases = (
				D9D84DC0291C51200008EA3E /* Sources */,
				D9D84DC1291C51200008EA3E /* Frameworks */,
				D9D84DC2291C51200008EA3E /* Resources */,
			);
			buildRules = (
			);
			dependencies = (
			);
			name = "Global news";
			productName = "Global news";
			productReference = D9D84DC4291C51200008EA3E /* Global news.app */;
			productType = "com.apple.product-type.application";
		};
/* End PBXNativeTarget section */

/* Begin PBXProject section */
		D9D84DBC291C51200008EA3E /* Project object */ = {
			isa = PBXProject;
			attributes = {
				BuildIndependentTargetsInParallel = 1;
				LastSwiftUpdateCheck = 1410;
				LastUpgradeCheck = 1410;
				TargetAttributes = {
					D9D84DC3291C51200008EA3E = {
						CreatedOnToolsVersion = 14.1;
					};
				};
			};
			buildConfigurationList = D9D84DBF291C51200008EA3E /* Build configuration list for PBXProject "Global news" */;
			compatibilityVersion = "Xcode 14.0";
			developmentRegion = en;
			hasScannedForEncodings = 0;
			knownRegions = (
				en,
				Base,
			);
			mainGroup = D9D84DBB291C51200008EA3E;
			productRefGroup = D9D84DC5291C51200008EA3E /* Products */;
			projectDirPath = "";
			projectRoot = "";
			targets = (
				D9D84DC3291C51200008EA3E /* Global news */,
			);
		};
/* End PBXProject section */

/* Begin PBXResourcesBuildPhase section */
		D9D84DC2291C51200008EA3E /* Resources */ = {
			isa = PBXResourcesBuildPhase;
			buildActionMask = 2147483647;
			files = (
				D9D84DCF291C51210008EA3E /* Preview Assets.xcassets in Resources */,
				D9D84DCC291C51210008EA3E /* Assets.xcassets in Resources */,
			);
			runOnlyForDeploymentPostprocessing = 0;
		};
/* End PBXResourcesBuildPhase section */

/* Begin PBXSourcesBuildPhase section */
		D9D84DC0291C51200008EA3E /* Sources */ = {
			isa = PBXSourcesBuildPhase;
			buildActionMask = 2147483647;
			files = (
				D9D84DDD291C52090008EA3E /* HomeView.swift in Sources */,
				D9D84DCA291C51200008EA3E /* ContentView.swift in Sources */,
				D9D84DC8291C51200008EA3E /* Global_newsApp.swift in Sources */,
				D9D84DE0291C54840008EA3E /* HeaderView.swift in Sources */,
			);
			runOnlyForDeploymentPostprocessing = 0;
		};
/* End PBXSourcesBuildPhase section */

/* Begin XCBuildConfiguration section */
		D9D84DD0291C51210008EA3E /* Debug */ = {
			isa = XCBuildConfiguration;
			buildSettings = {
				ALWAYS_SEARCH_USER_PATHS = NO;
				CLANG_ANALYZER_NONNULL = YES;
				CLANG_ANALYZER_NUMBER_OBJECT_CONVERSION = YES_AGGRESSIVE;
				CLANG_CXX_LANGUAGE_STANDARD = "gnu++20";
				CLANG_ENABLE_MODULES = YES;
				CLANG_ENABLE_OBJC_ARC = YES;
				CLANG_ENABLE_OBJC_WEAK = YES;
				CLANG_WARN_BLOCK_CAPTURE_AUTORELEASING = YES;
				CLANG_WARN_BOOL_CONVERSION = YES;
				CLANG_WARN_COMMA = YES;
				CLANG_WARN_CONSTANT_CONVERSION = YES;
				CLANG_WARN_DEPRECATED_OBJC_IMPLEMENTATIONS = YES;
				CLANG_WARN_DIRECT_OBJC_ISA_USAGE = YES_ERROR;
				CLANG_WARN_DOCUMENTATION_COMMENTS = YES;
				CLANG_WARN_EMPTY_BODY = YES;
				CLANG_WARN_ENUM_CONVERSION = YES;
				CLANG_WARN_INFINITE_RECURSION = YES;
				CLANG_WARN_INT_CONVERSION = YES;
				CLANG_WARN_NON_LITERAL_NULL_CONVERSION = YES;
				CLANG_WARN_OBJC_IMPLICIT_RETAIN_SELF = YES;
				CLANG_WARN_OBJC_LITERAL_CONVERSION = YES;
				CLANG_WARN_OBJC_ROOT_CLASS = YES_ERROR;
				CLANG_WARN_QUOTED_INCLUDE_IN_FRAMEWORK_HEADER = YES;
				CLANG_WARN_RANGE_LOOP_ANALYSIS = YES;
				CLANG_WARN_STRICT_PROTOTYPES = YES;
				CLANG_WARN_SUSPICIOUS_MOVE = YES;
				CLANG_WARN_UNGUARDED_AVAILABILITY = YES_AGGRESSIVE;
				CLANG_WARN_UNREACHABLE_CODE = YES;
				CLANG_WARN__DUPLICATE_METHOD_MATCH = YES;
				COPY_PHASE_STRIP = NO;
				DEBUG_INFORMATION_FORMAT = dwarf;
				ENABLE_STRICT_OBJC_MSGSEND = YES;
				ENABLE_TESTABILITY = YES;
				GCC_C_LANGUAGE_STANDARD = gnu11;
				GCC_DYNAMIC_NO_PIC = NO;
				GCC_NO_COMMON_BLOCKS = YES;
				GCC_OPTIMIZATION_LEVEL = 0;
				GCC_PREPROCESSOR_DEFINITIONS = (
					"DEBUG=1",
					"$(inherited)",
				);
				GCC_WARN_64_TO_32_BIT_CONVERSION = YES;
				GCC_WARN_ABOUT_RETURN_TYPE = YES_ERROR;
				GCC_WARN_UNDECLARED_SELECTOR = YES;
				GCC_WARN_UNINITIALIZED_AUTOS = YES_AGGRESSIVE;
				GCC_WARN_UNUSED_FUNCTION = YES;
				GCC_WARN_UNUSED_VARIABLE = YES;
				IPHONEOS_DEPLOYMENT_TARGET = 16.1;
				MTL_ENABLE_DEBUG_INFO = INCLUDE_SOURCE;
				MTL_FAST_MATH = YES;
				ONLY_ACTIVE_ARCH = YES;
				SDKROOT = iphoneos;
				SWIFT_ACTIVE_COMPILATION_CONDITIONS = DEBUG;
				SWIFT_OPTIMIZATION_LEVEL = "-Onone";
			};
			name = Debug;
		};
		D9D84DD1291C51210008EA3E /* Release */ = {
			isa = XCBuildConfiguration;
			buildSettings = {
				ALWAYS_SEARCH_USER_PATHS = NO;
				CLANG_ANALYZER_NONNULL = YES;
				CLANG_ANALYZER_NUMBER_OBJECT_CONVERSION = YES_AGGRESSIVE;
				CLANG_CXX_LANGUAGE_STANDARD = "gnu++20";
				CLANG_ENABLE_MODULES = YES;
				CLANG_ENABLE_OBJC_ARC = YES;
				CLANG_ENABLE_OBJC_WEAK = YES;
				CLANG_WARN_BLOCK_CAPTURE_AUTORELEASING = YES;
				CLANG_WARN_BOOL_CONVERSION = YES;
				CLANG_WARN_COMMA = YES;
				CLANG_WARN_CONSTANT_CONVERSION = YES;
				CLANG_WARN_DEPRECATED_OBJC_IMPLEMENTATIONS = YES;
				CLANG_WARN_DIRECT_OBJC_ISA_USAGE = YES_ERROR;
				CLANG_WARN_DOCUMENTATION_COMMENTS = YES;
				CLANG_WARN_EMPTY_BODY = YES;
				CLANG_WARN_ENUM_CONVERSION = YES;
				CLANG_WARN_INFINITE_RECURSION = YES;
				CLANG_WARN_INT_CONVERSION = YES;
				CLANG_WARN_NON_LITERAL_NULL_CONVERSION = YES;
				CLANG_WARN_OBJC_IMPLICIT_RETAIN_SELF = YES;
				CLANG_WARN_OBJC_LITERAL_CONVERSION = YES;
				CLANG_WARN_OBJC_ROOT_CLASS = YES_ERROR;
				CLANG_WARN_QUOTED_INCLUDE_IN_FRAMEWORK_HEADER = YES;
				CLANG_WARN_RANGE_LOOP_ANALYSIS = YES;
				CLANG_WARN_STRICT_PROTOTYPES = YES;
				CLANG_WARN_SUSPICIOUS_MOVE = YES;
				CLANG_WARN_UNGUARDED_AVAILABILITY = YES_AGGRESSIVE;
				CLANG_WARN_UNREACHABLE_CODE = YES;
				CLANG_WARN__DUPLICATE_METHOD_MATCH = YES;
				COPY_PHASE_STRIP = NO;
				DEBUG_INFORMATION_FORMAT = "dwarf-with-dsym";
				ENABLE_NS_ASSERTIONS = NO;
				ENABLE_STRICT_OBJC_MSGSEND = YES;
				GCC_C_LANGUAGE_STANDARD = gnu11;
				GCC_NO_COMMON_BLOCKS = YES;
				GCC_WARN_64_TO_32_BIT_CONVERSION = YES;
				GCC_WARN_ABOUT_RETURN_TYPE = YES_ERROR;
				GCC_WARN_UNDECLARED_SELECTOR = YES;
				GCC_WARN_UNINITIALIZED_AUTOS = YES_AGGRESSIVE;
				GCC_WARN_UNUSED_FUNCTION = YES;
				GCC_WARN_UNUSED_VARIABLE = YES;
				IPHONEOS_DEPLOYMENT_TARGET = 16.1;
				MTL_ENABLE_DEBUG_INFO = NO;
				MTL_FAST_MATH = YES;
				SDKROOT = iphoneos;
				SWIFT_COMPILATION_MODE = wholemodule;
				SWIFT_OPTIMIZATION_LEVEL = "-O";
				VALIDATE_PRODUCT = YES;
			};
			name = Release;
		};
		D9D84DD3291C51210008EA3E /* Debug */ = {
			isa = XCBuildConfiguration;
			buildSettings = {
				ASSETCATALOG_COMPILER_APPICON_NAME = AppIcon;
				ASSETCATALOG_COMPILER_GLOBAL_ACCENT_COLOR_NAME = AccentColor;
				CODE_SIGN_STYLE = Automatic;
				CURRENT_PROJECT_VERSION = 1;
				DEVELOPMENT_ASSET_PATHS = "\"Global news/Preview Content\"";
				DEVELOPMENT_TEAM = JKNGV2KZJ7;
				ENABLE_PREVIEWS = YES;
				GENERATE_INFOPLIST_FILE = YES;
				INFOPLIST_KEY_UIApplicationSceneManifest_Generation = YES;
				INFOPLIST_KEY_UIApplicationSupportsIndirectInputEvents = YES;
				INFOPLIST_KEY_UILaunchScreen_Generation = YES;
				INFOPLIST_KEY_UISupportedInterfaceOrientations_iPad = "UIInterfaceOrientationPortrait UIInterfaceOrientationPortraitUpsideDown UIInterfaceOrientationLandscapeLeft UIInterfaceOrientationLandscapeRight";
				INFOPLIST_KEY_UISupportedInterfaceOrientations_iPhone = "UIInterfaceOrientationPortrait UIInterfaceOrientationLandscapeLeft UIInterfaceOrientationLandscapeRight";
				LD_RUNPATH_SEARCH_PATHS = (
					"$(inherited)",
					"@executable_path/Frameworks",
				);
				MARKETING_VERSION = 1.0;
				PRODUCT_BUNDLE_IDENTIFIER = "com.hugonocap.Global-news";
				PRODUCT_NAME = "$(TARGET_NAME)";
				SWIFT_EMIT_LOC_STRINGS = YES;
				SWIFT_VERSION = 5.0;
				TARGETED_DEVICE_FAMILY = "1,2";
			};
			name = Debug;
		};
		D9D84DD4291C51210008EA3E /* Release */ = {
			isa = XCBuildConfiguration;
			buildSettings = {
				ASSETCATALOG_COMPILER_APPICON_NAME = AppIcon;
				ASSETCATALOG_COMPILER_GLOBAL_ACCENT_COLOR_NAME = AccentColor;
				CODE_SIGN_STYLE = Automatic;
				CURRENT_PROJECT_VERSION = 1;
				DEVELOPMENT_ASSET_PATHS = "\"Global news/Preview Content\"";
				DEVELOPMENT_TEAM = JKNGV2KZJ7;
				ENABLE_PREVIEWS = YES;
				GENERATE_INFOPLIST_FILE = YES;
				INFOPLIST_KEY_UIApplicationSceneManifest_Generation = YES;
				INFOPLIST_KEY_UIApplicationSupportsIndirectInputEvents = YES;
				INFOPLIST_KEY_UILaunchScreen_Generation = YES;
				INFOPLIST_KEY_UISupportedInterfaceOrientations_iPad = "UIInterfaceOrientationPortrait UIInterfaceOrientationPortraitUpsideDown UIInterfaceOrientationLandscapeLeft UIInterfaceOrientationLandscapeRight";
				INFOPLIST_KEY_UISupportedInterfaceOrientations_iPhone = "UIInterfaceOrientationPortrait UIInterfaceOrientationLandscapeLeft UIInterfaceOrientationLandscapeRight";
				LD_RUNPATH_SEARCH_PATHS = (
					"$(inherited)",
					"@executable_path/Frameworks",
				);
				MARKETING_VERSION = 1.0;
				PRODUCT_BUNDLE_IDENTIFIER = "com.hugonocap.Global-news";
				PRODUCT_NAME = "$(TARGET_NAME)";
				SWIFT_EMIT_LOC_STRINGS = YES;
				SWIFT_VERSION = 5.0;
				TARGETED_DEVICE_FAMILY = "1,2";
			};
			name = Release;
		};
/* End XCBuildConfiguration section */

/* Begin XCConfigurationList section */
		D9D84DBF291C51200008EA3E /* Build configuration list for PBXProject "Global news" */ = {
			isa = XCConfigurationList;
			buildConfigurations = (
				D9D84DD0291C51210008EA3E /* Debug */,
				D9D84DD1291C51210008EA3E /* Release */,
			);
			defaultConfigurationIsVisible = 0;
			defaultConfigurationName = Release;
		};
		D9D84DD2291C51210008EA3E /* Build configuration list for PBXNativeTarget "Global news" */ = {
			isa = XCConfigurationList;
			buildConfigurations = (
				D9D84DD3291C51210008EA3E /* Debug */,
				D9D84DD4291C51210008EA3E /* Release */,
			);
			defaultConfigurationIsVisible = 0;
			defaultConfigurationName = Release;
		};
/* End XCConfigurationList section */
	};
	rootObject = D9D84DBC291C51200008EA3E /* Project object */;
}
